{
  "version": 4,
  "terraform_version": "0.12.24",
  "serial": 43,
  "lineage": "3eb58219-4319-39f5-5288-ee40c7df443e",
  "outputs": {},
  "resources": [
    {
      "mode": "data",
      "type": "vsphere_datacenter",
      "name": "datacenter",
      "provider": "provider.vsphere",
      "instances": [
        {
          "schema_version": 0,
          "attributes": {
            "id": "datacenter-3",
            "name": "vlab-dc"
          }
        }
      ]
    },
    {
      "mode": "data",
      "type": "vsphere_datastore",
      "name": "datastore",
      "provider": "provider.vsphere",
      "instances": [
        {
          "schema_version": 0,
          "attributes": {
            "datacenter_id": "datacenter-3",
            "id": "datastore-1100",
            "name": "vlab-nfs-ds-02"
          }
        }
      ]
    },
    {
      "mode": "data",
      "type": "vsphere_network",
      "name": "network",
      "provider": "provider.vsphere",
      "instances": [
        {
          "schema_version": 0,
          "attributes": {
            "datacenter_id": "datacenter-3",
            "distributed_virtual_switch_uuid": null,
            "id": "dvportgroup-4925",
            "name": "nested-esxi",
            "type": "DistributedVirtualPortgroup"
          }
        }
      ]
    },
    {
      "mode": "data",
      "type": "vsphere_resource_pool",
      "name": "pool",
      "provider": "provider.vsphere",
      "instances": [
        {
          "schema_version": 0,
          "attributes": {
            "datacenter_id": "datacenter-3",
            "id": "resgroup-4924",
            "name": "nested-esxi"
          }
        }
      ]
    },
    {
      "mode": "data",
      "type": "vsphere_virtual_machine",
      "name": "template",
      "provider": "provider.vsphere",
      "instances": [
        {
          "schema_version": 0,
          "attributes": {
            "alternate_guest_name": "",
            "datacenter_id": "datacenter-3",
            "disks": [
              {
                "eagerly_scrub": false,
                "size": 4,
                "thin_provisioned": true
              },
              {
                "eagerly_scrub": false,
                "size": 4,
                "thin_provisioned": true
              },
              {
                "eagerly_scrub": false,
                "size": 8,
                "thin_provisioned": true
              }
            ],
            "firmware": "bios",
            "guest_id": "vmkernel65Guest",
            "guest_ip_addresses": [],
            "id": "421bf2af-79ff-f847-382b-3554044b00e2",
            "name": "Nested_ESXi7.0_Appliance_Template_v1",
            "network_interface_types": [
              "vmxnet3",
              "vmxnet3"
            ],
            "scsi_bus_sharing": "noSharing",
            "scsi_controller_scan_count": 1,
            "scsi_type": "pvscsi"
          }
        }
      ]
    },
    {
      "mode": "managed",
      "type": "vsphere_folder",
      "name": "folder",
      "provider": "provider.vsphere",
      "instances": [
        {
          "schema_version": 1,
          "attributes": {
            "custom_attributes": null,
            "datacenter_id": "datacenter-3",
            "id": "group-v5716",
            "path": "nested-esxi",
            "tags": null,
            "type": "vm"
          },
          "private": "eyJzY2hlbWFfdmVyc2lvbiI6IjEifQ=="
        }
      ]
    },
    {
      "mode": "managed",
      "type": "vsphere_virtual_machine",
      "name": "vm",
      "each": "list",
      "provider": "provider.vsphere",
      "instances": [
        {
          "index_key": 0,
          "schema_version": 3,
          "attributes": {
            "alternate_guest_name": "",
            "annotation": "Nested ESXi 7.0 Appliance (Build 15843807) www.virtuallyghetto.com",
            "boot_delay": 0,
            "boot_retry_delay": 10000,
            "boot_retry_enabled": false,
            "cdrom": [],
            "change_version": "2020-05-06T15:52:56.795902Z",
            "clone": [
              {
                "customize": [],
                "linked_clone": false,
                "ovf_network_map": null,
                "ovf_storage_map": null,
                "template_uuid": "421bf2af-79ff-f847-382b-3554044b00e2",
                "timeout": 30
              }
            ],
            "cpu_hot_add_enabled": false,
            "cpu_hot_remove_enabled": false,
            "cpu_limit": -1,
            "cpu_performance_counters_enabled": false,
            "cpu_reservation": 0,
            "cpu_share_count": 2000,
            "cpu_share_level": "normal",
            "custom_attributes": null,
            "datastore_cluster_id": null,
            "datastore_id": "datastore-1100",
            "default_ip_address": "192.168.79.160",
            "disk": [
              {
                "attach": false,
                "datastore_id": "datastore-1100",
                "device_address": "scsi:0:0",
                "disk_mode": "persistent",
                "disk_sharing": "sharingNone",
                "eagerly_scrub": false,
                "io_limit": -1,
                "io_reservation": 0,
                "io_share_count": 1000,
                "io_share_level": "normal",
                "keep_on_remove": false,
                "key": 2000,
                "label": "sda",
                "name": "",
                "path": "ESX1/ESX1.vmdk",
                "size": 4,
                "storage_policy_id": "",
                "thin_provisioned": true,
                "unit_number": 0,
                "uuid": "6000C29d-92e4-1baf-ad66-b2fca7677201",
                "write_through": false
              },
              {
                "attach": false,
                "datastore_id": "datastore-1100",
                "device_address": "scsi:0:1",
                "disk_mode": "persistent",
                "disk_sharing": "sharingNone",
                "eagerly_scrub": false,
                "io_limit": -1,
                "io_reservation": 0,
                "io_share_count": 1000,
                "io_share_level": "normal",
                "keep_on_remove": false,
                "key": 2001,
                "label": "sdb",
                "name": "",
                "path": "ESX1/ESX1_1.vmdk",
                "size": 4,
                "storage_policy_id": "",
                "thin_provisioned": true,
                "unit_number": 1,
                "uuid": "6000C293-edd4-5542-5302-1751492ce1e5",
                "write_through": false
              },
              {
                "attach": false,
                "datastore_id": "datastore-1100",
                "device_address": "scsi:0:2",
                "disk_mode": "persistent",
                "disk_sharing": "sharingNone",
                "eagerly_scrub": false,
                "io_limit": -1,
                "io_reservation": 0,
                "io_share_count": 1000,
                "io_share_level": "normal",
                "keep_on_remove": false,
                "key": 2002,
                "label": "sdc",
                "name": "",
                "path": "ESX1/ESX1_2.vmdk",
                "size": 8,
                "storage_policy_id": "",
                "thin_provisioned": true,
                "unit_number": 2,
                "uuid": "6000C294-85dd-2fa0-20ec-3f72f8344a55",
                "write_through": false
              }
            ],
            "efi_secure_boot_enabled": false,
            "enable_disk_uuid": false,
            "enable_logging": false,
            "ept_rvi_mode": "automatic",
            "extra_config": null,
            "firmware": "bios",
            "folder": "nested-esxi",
            "force_power_off": true,
            "guest_id": "vmkernel65Guest",
            "guest_ip_addresses": [
              "192.168.79.160",
              "fe80::250:56ff:fe9b:2189"
            ],
            "hardware_version": 14,
            "host_system_id": "host-18",
            "hv_mode": "hvAuto",
            "id": "421b9661-65a5-9083-bd5d-0fa127a93e3e",
            "ignored_guest_ips": null,
            "imported": null,
            "latency_sensitivity": "normal",
            "memory": 6144,
            "memory_hot_add_enabled": false,
            "memory_limit": -1,
            "memory_reservation": 0,
            "memory_share_count": 61440,
            "memory_share_level": "normal",
            "migrate_wait_timeout": 30,
            "moid": "vm-5717",
            "name": "ESX1",
            "nested_hv_enabled": false,
            "network_interface": [
              {
                "adapter_type": "vmxnet3",
                "bandwidth_limit": -1,
                "bandwidth_reservation": 0,
                "bandwidth_share_count": 50,
                "bandwidth_share_level": "normal",
                "device_address": "pci:0:7",
                "key": 4000,
                "mac_address": "00:50:56:9b:21:89",
                "network_id": "dvportgroup-4925",
                "ovf_mapping": "",
                "use_static_mac": false
              },
              {
                "adapter_type": "vmxnet3",
                "bandwidth_limit": -1,
                "bandwidth_reservation": 0,
                "bandwidth_share_count": 50,
                "bandwidth_share_level": "normal",
                "device_address": "pci:0:8",
                "key": 4001,
                "mac_address": "00:50:56:9b:9e:64",
                "network_id": "dvportgroup-4925",
                "ovf_mapping": "",
                "use_static_mac": false
              }
            ],
            "num_cores_per_socket": 1,
            "num_cpus": 2,
            "poweron_timeout": 300,
            "reboot_required": false,
            "resource_pool_id": "resgroup-4924",
            "run_tools_scripts_after_power_on": true,
            "run_tools_scripts_after_resume": true,
            "run_tools_scripts_before_guest_reboot": false,
            "run_tools_scripts_before_guest_shutdown": true,
            "run_tools_scripts_before_guest_standby": true,
            "scsi_bus_sharing": "noSharing",
            "scsi_controller_count": 1,
            "scsi_type": "pvscsi",
            "shutdown_wait_timeout": 3,
            "storage_policy_id": "",
            "swap_placement_policy": "inherit",
            "sync_time_with_host": false,
            "tags": null,
            "uuid": "421b9661-65a5-9083-bd5d-0fa127a93e3e",
            "vapp": [
              {
                "properties": {
                  "guestinfo.dns": "192.168.64.60",
                  "guestinfo.domain": "vballin.com",
                  "guestinfo.gateway": "192.168.79.1",
                  "guestinfo.hostname": "esx1.vballin.com",
                  "guestinfo.ipaddress": "192.168.79.160",
                  "guestinfo.netmask": "255.255.255.0",
                  "guestinfo.syslog": "192.168.64.105",
                  "guestinfo.vlan": "79"
                }
              }
            ],
            "vapp_transport": [
              "com.vmware.guestInfo"
            ],
            "vmware_tools_status": "guestToolsRunning",
            "vmx_path": "ESX1/ESX1.vmx",
            "wait_for_guest_ip_timeout": 0,
            "wait_for_guest_net_routable": false,
            "wait_for_guest_net_timeout": 5
          },
          "private": "eyJzY2hlbWFfdmVyc2lvbiI6IjMifQ==",
          "dependencies": [
            "vsphere_folder.folder"
          ]
        },
        {
          "index_key": 1,
          "schema_version": 3,
          "attributes": {
            "alternate_guest_name": "",
            "annotation": "Nested ESXi 7.0 Appliance (Build 15843807) www.virtuallyghetto.com",
            "boot_delay": 0,
            "boot_retry_delay": 10000,
            "boot_retry_enabled": false,
            "cdrom": [],
            "change_version": "2020-05-06T15:53:05.075987Z",
            "clone": [
              {
                "customize": [],
                "linked_clone": false,
                "ovf_network_map": null,
                "ovf_storage_map": null,
                "template_uuid": "421bf2af-79ff-f847-382b-3554044b00e2",
                "timeout": 30
              }
            ],
            "cpu_hot_add_enabled": false,
            "cpu_hot_remove_enabled": false,
            "cpu_limit": -1,
            "cpu_performance_counters_enabled": false,
            "cpu_reservation": 0,
            "cpu_share_count": 2000,
            "cpu_share_level": "normal",
            "custom_attributes": null,
            "datastore_cluster_id": null,
            "datastore_id": "datastore-1100",
            "default_ip_address": "192.168.79.170",
            "disk": [
              {
                "attach": false,
                "datastore_id": "datastore-1100",
                "device_address": "scsi:0:0",
                "disk_mode": "persistent",
                "disk_sharing": "sharingNone",
                "eagerly_scrub": false,
                "io_limit": -1,
                "io_reservation": 0,
                "io_share_count": 1000,
                "io_share_level": "normal",
                "keep_on_remove": false,
                "key": 2000,
                "label": "sda",
                "name": "",
                "path": "ESX2/ESX2.vmdk",
                "size": 4,
                "storage_policy_id": "",
                "thin_provisioned": true,
                "unit_number": 0,
                "uuid": "6000C29b-441d-4911-5dfc-cf10c89a64ed",
                "write_through": false
              },
              {
                "attach": false,
                "datastore_id": "datastore-1100",
                "device_address": "scsi:0:1",
                "disk_mode": "persistent",
                "disk_sharing": "sharingNone",
                "eagerly_scrub": false,
                "io_limit": -1,
                "io_reservation": 0,
                "io_share_count": 1000,
                "io_share_level": "normal",
                "keep_on_remove": false,
                "key": 2001,
                "label": "sdb",
                "name": "",
                "path": "ESX2/ESX2_1.vmdk",
                "size": 4,
                "storage_policy_id": "",
                "thin_provisioned": true,
                "unit_number": 1,
                "uuid": "6000C298-fd19-c105-4391-a128ef91dead",
                "write_through": false
              },
              {
                "attach": false,
                "datastore_id": "datastore-1100",
                "device_address": "scsi:0:2",
                "disk_mode": "persistent",
                "disk_sharing": "sharingNone",
                "eagerly_scrub": false,
                "io_limit": -1,
                "io_reservation": 0,
                "io_share_count": 1000,
                "io_share_level": "normal",
                "keep_on_remove": false,
                "key": 2002,
                "label": "sdc",
                "name": "",
                "path": "ESX2/ESX2_2.vmdk",
                "size": 8,
                "storage_policy_id": "",
                "thin_provisioned": true,
                "unit_number": 2,
                "uuid": "6000C296-24ef-d401-aa7a-be19583ba97d",
                "write_through": false
              }
            ],
            "efi_secure_boot_enabled": false,
            "enable_disk_uuid": false,
            "enable_logging": false,
            "ept_rvi_mode": "automatic",
            "extra_config": null,
            "firmware": "bios",
            "folder": "nested-esxi",
            "force_power_off": true,
            "guest_id": "vmkernel65Guest",
            "guest_ip_addresses": [
              "192.168.79.170",
              "fe80::250:56ff:fe9b:dbf8"
            ],
            "hardware_version": 14,
            "host_system_id": "host-21",
            "hv_mode": "hvAuto",
            "id": "421bf902-2f4c-eadc-7274-d587b968e4dc",
            "ignored_guest_ips": null,
            "imported": null,
            "latency_sensitivity": "normal",
            "memory": 6144,
            "memory_hot_add_enabled": false,
            "memory_limit": -1,
            "memory_reservation": 0,
            "memory_share_count": 61440,
            "memory_share_level": "normal",
            "migrate_wait_timeout": 30,
            "moid": "vm-5719",
            "name": "ESX2",
            "nested_hv_enabled": false,
            "network_interface": [
              {
                "adapter_type": "vmxnet3",
                "bandwidth_limit": -1,
                "bandwidth_reservation": 0,
                "bandwidth_share_count": 50,
                "bandwidth_share_level": "normal",
                "device_address": "pci:0:7",
                "key": 4000,
                "mac_address": "00:50:56:9b:db:f8",
                "network_id": "dvportgroup-4925",
                "ovf_mapping": "",
                "use_static_mac": false
              },
              {
                "adapter_type": "vmxnet3",
                "bandwidth_limit": -1,
                "bandwidth_reservation": 0,
                "bandwidth_share_count": 50,
                "bandwidth_share_level": "normal",
                "device_address": "pci:0:8",
                "key": 4001,
                "mac_address": "00:50:56:9b:aa:d5",
                "network_id": "dvportgroup-4925",
                "ovf_mapping": "",
                "use_static_mac": false
              }
            ],
            "num_cores_per_socket": 1,
            "num_cpus": 2,
            "poweron_timeout": 300,
            "reboot_required": false,
            "resource_pool_id": "resgroup-4924",
            "run_tools_scripts_after_power_on": true,
            "run_tools_scripts_after_resume": true,
            "run_tools_scripts_before_guest_reboot": false,
            "run_tools_scripts_before_guest_shutdown": true,
            "run_tools_scripts_before_guest_standby": true,
            "scsi_bus_sharing": "noSharing",
            "scsi_controller_count": 1,
            "scsi_type": "pvscsi",
            "shutdown_wait_timeout": 3,
            "storage_policy_id": "",
            "swap_placement_policy": "inherit",
            "sync_time_with_host": false,
            "tags": null,
            "uuid": "421bf902-2f4c-eadc-7274-d587b968e4dc",
            "vapp": [
              {
                "properties": {
                  "guestinfo.dns": "192.168.64.60",
                  "guestinfo.domain": "vballin.com",
                  "guestinfo.gateway": "192.168.79.1",
                  "guestinfo.hostname": "esx2.vballin.com",
                  "guestinfo.ipaddress": "192.168.79.170",
                  "guestinfo.netmask": "255.255.255.0",
                  "guestinfo.syslog": "192.168.64.105",
                  "guestinfo.vlan": "79"
                }
              }
            ],
            "vapp_transport": [
              "com.vmware.guestInfo"
            ],
            "vmware_tools_status": "guestToolsRunning",
            "vmx_path": "ESX2/ESX2.vmx",
            "wait_for_guest_ip_timeout": 0,
            "wait_for_guest_net_routable": false,
            "wait_for_guest_net_timeout": 5
          },
          "private": "eyJzY2hlbWFfdmVyc2lvbiI6IjMifQ==",
          "dependencies": [
            "vsphere_folder.folder"
          ]
        },
        {
          "index_key": 2,
          "schema_version": 3,
          "attributes": {
            "alternate_guest_name": "",
            "annotation": "Nested ESXi 7.0 Appliance (Build 15843807) www.virtuallyghetto.com",
            "boot_delay": 0,
            "boot_retry_delay": 10000,
            "boot_retry_enabled": false,
            "cdrom": [],
            "change_version": "2020-05-06T15:51:06.899364Z",
            "clone": [
              {
                "customize": [],
                "linked_clone": false,
                "ovf_network_map": null,
                "ovf_storage_map": null,
                "template_uuid": "421bf2af-79ff-f847-382b-3554044b00e2",
                "timeout": 30
              }
            ],
            "cpu_hot_add_enabled": false,
            "cpu_hot_remove_enabled": false,
            "cpu_limit": -1,
            "cpu_performance_counters_enabled": false,
            "cpu_reservation": 0,
            "cpu_share_count": 2000,
            "cpu_share_level": "normal",
            "custom_attributes": null,
            "datastore_cluster_id": null,
            "datastore_id": "datastore-1100",
            "default_ip_address": "192.168.79.180",
            "disk": [
              {
                "attach": false,
                "datastore_id": "datastore-1100",
                "device_address": "scsi:0:0",
                "disk_mode": "persistent",
                "disk_sharing": "sharingNone",
                "eagerly_scrub": false,
                "io_limit": -1,
                "io_reservation": 0,
                "io_share_count": 1000,
                "io_share_level": "normal",
                "keep_on_remove": false,
                "key": 2000,
                "label": "sda",
                "name": "",
                "path": "ESX3/ESX3.vmdk",
                "size": 4,
                "storage_policy_id": "",
                "thin_provisioned": true,
                "unit_number": 0,
                "uuid": "6000C29c-9e63-b3d0-11af-4d87fb42f01f",
                "write_through": false
              },
              {
                "attach": false,
                "datastore_id": "datastore-1100",
                "device_address": "scsi:0:1",
                "disk_mode": "persistent",
                "disk_sharing": "sharingNone",
                "eagerly_scrub": false,
                "io_limit": -1,
                "io_reservation": 0,
                "io_share_count": 1000,
                "io_share_level": "normal",
                "keep_on_remove": false,
                "key": 2001,
                "label": "sdb",
                "name": "",
                "path": "ESX3/ESX3_1.vmdk",
                "size": 4,
                "storage_policy_id": "",
                "thin_provisioned": true,
                "unit_number": 1,
                "uuid": "6000C294-2f02-5a25-31a3-f293c8ea10ed",
                "write_through": false
              },
              {
                "attach": false,
                "datastore_id": "datastore-1100",
                "device_address": "scsi:0:2",
                "disk_mode": "persistent",
                "disk_sharing": "sharingNone",
                "eagerly_scrub": false,
                "io_limit": -1,
                "io_reservation": 0,
                "io_share_count": 1000,
                "io_share_level": "normal",
                "keep_on_remove": false,
                "key": 2002,
                "label": "sdc",
                "name": "",
                "path": "ESX3/ESX3_2.vmdk",
                "size": 8,
                "storage_policy_id": "",
                "thin_provisioned": true,
                "unit_number": 2,
                "uuid": "6000C297-662a-36ef-3318-d9eeffeaa3cd",
                "write_through": false
              }
            ],
            "efi_secure_boot_enabled": false,
            "enable_disk_uuid": false,
            "enable_logging": false,
            "ept_rvi_mode": "automatic",
            "extra_config": null,
            "firmware": "bios",
            "folder": "nested-esxi",
            "force_power_off": true,
            "guest_id": "vmkernel65Guest",
            "guest_ip_addresses": [
              "192.168.79.180",
              "fe80::250:56ff:fe9b:e6f8"
            ],
            "hardware_version": 14,
            "host_system_id": "host-15",
            "hv_mode": "hvAuto",
            "id": "421b8391-0e12-3613-2457-588aaa4f8ca5",
            "ignored_guest_ips": null,
            "imported": null,
            "latency_sensitivity": "normal",
            "memory": 6144,
            "memory_hot_add_enabled": false,
            "memory_limit": -1,
            "memory_reservation": 0,
            "memory_share_count": 61440,
            "memory_share_level": "normal",
            "migrate_wait_timeout": 30,
            "moid": "vm-5720",
            "name": "ESX3",
            "nested_hv_enabled": false,
            "network_interface": [
              {
                "adapter_type": "vmxnet3",
                "bandwidth_limit": -1,
                "bandwidth_reservation": 0,
                "bandwidth_share_count": 50,
                "bandwidth_share_level": "normal",
                "device_address": "pci:0:7",
                "key": 4000,
                "mac_address": "00:50:56:9b:e6:f8",
                "network_id": "dvportgroup-4925",
                "ovf_mapping": "",
                "use_static_mac": false
              },
              {
                "adapter_type": "vmxnet3",
                "bandwidth_limit": -1,
                "bandwidth_reservation": 0,
                "bandwidth_share_count": 50,
                "bandwidth_share_level": "normal",
                "device_address": "pci:0:8",
                "key": 4001,
                "mac_address": "00:50:56:9b:04:12",
                "network_id": "dvportgroup-4925",
                "ovf_mapping": "",
                "use_static_mac": false
              }
            ],
            "num_cores_per_socket": 1,
            "num_cpus": 2,
            "poweron_timeout": 300,
            "reboot_required": false,
            "resource_pool_id": "resgroup-4924",
            "run_tools_scripts_after_power_on": true,
            "run_tools_scripts_after_resume": true,
            "run_tools_scripts_before_guest_reboot": false,
            "run_tools_scripts_before_guest_shutdown": true,
            "run_tools_scripts_before_guest_standby": true,
            "scsi_bus_sharing": "noSharing",
            "scsi_controller_count": 1,
            "scsi_type": "pvscsi",
            "shutdown_wait_timeout": 3,
            "storage_policy_id": "",
            "swap_placement_policy": "inherit",
            "sync_time_with_host": false,
            "tags": null,
            "uuid": "421b8391-0e12-3613-2457-588aaa4f8ca5",
            "vapp": [
              {
                "properties": {
                  "guestinfo.dns": "192.168.64.60",
                  "guestinfo.domain": "vballin.com",
                  "guestinfo.gateway": "192.168.79.1",
                  "guestinfo.hostname": "esx3.vballin.com",
                  "guestinfo.ipaddress": "192.168.79.180",
                  "guestinfo.netmask": "255.255.255.0",
                  "guestinfo.syslog": "192.168.64.105",
                  "guestinfo.vlan": "79"
                }
              }
            ],
            "vapp_transport": [
              "com.vmware.guestInfo"
            ],
            "vmware_tools_status": "guestToolsRunning",
            "vmx_path": "ESX3/ESX3.vmx",
            "wait_for_guest_ip_timeout": 0,
            "wait_for_guest_net_routable": false,
            "wait_for_guest_net_timeout": 5
          },
          "private": "eyJzY2hlbWFfdmVyc2lvbiI6IjMifQ==",
          "dependencies": [
            "vsphere_folder.folder"
          ]
        },
        {
          "index_key": 3,
          "schema_version": 3,
          "attributes": {
            "alternate_guest_name": "",
            "annotation": "Nested ESXi 7.0 Appliance (Build 15843807) www.virtuallyghetto.com",
            "boot_delay": 0,
            "boot_retry_delay": 10000,
            "boot_retry_enabled": false,
            "cdrom": [],
            "change_version": "2020-05-06T15:50:37.600857Z",
            "clone": [
              {
                "customize": [],
                "linked_clone": false,
                "ovf_network_map": null,
                "ovf_storage_map": null,
                "template_uuid": "421bf2af-79ff-f847-382b-3554044b00e2",
                "timeout": 30
              }
            ],
            "cpu_hot_add_enabled": false,
            "cpu_hot_remove_enabled": false,
            "cpu_limit": -1,
            "cpu_performance_counters_enabled": false,
            "cpu_reservation": 0,
            "cpu_share_count": 2000,
            "cpu_share_level": "normal",
            "custom_attributes": null,
            "datastore_cluster_id": null,
            "datastore_id": "datastore-1100",
            "default_ip_address": "192.168.79.190",
            "disk": [
              {
                "attach": false,
                "datastore_id": "datastore-1100",
                "device_address": "scsi:0:0",
                "disk_mode": "persistent",
                "disk_sharing": "sharingNone",
                "eagerly_scrub": false,
                "io_limit": -1,
                "io_reservation": 0,
                "io_share_count": 1000,
                "io_share_level": "normal",
                "keep_on_remove": false,
                "key": 2000,
                "label": "sda",
                "name": "",
                "path": "ESX4/ESX4.vmdk",
                "size": 4,
                "storage_policy_id": "",
                "thin_provisioned": true,
                "unit_number": 0,
                "uuid": "6000C299-2f7c-55b3-1d05-f28aa5744207",
                "write_through": false
              },
              {
                "attach": false,
                "datastore_id": "datastore-1100",
                "device_address": "scsi:0:1",
                "disk_mode": "persistent",
                "disk_sharing": "sharingNone",
                "eagerly_scrub": false,
                "io_limit": -1,
                "io_reservation": 0,
                "io_share_count": 1000,
                "io_share_level": "normal",
                "keep_on_remove": false,
                "key": 2001,
                "label": "sdb",
                "name": "",
                "path": "ESX4/ESX4_1.vmdk",
                "size": 4,
                "storage_policy_id": "",
                "thin_provisioned": true,
                "unit_number": 1,
                "uuid": "6000C298-1e87-67e8-f132-30758c8ecef7",
                "write_through": false
              },
              {
                "attach": false,
                "datastore_id": "datastore-1100",
                "device_address": "scsi:0:2",
                "disk_mode": "persistent",
                "disk_sharing": "sharingNone",
                "eagerly_scrub": false,
                "io_limit": -1,
                "io_reservation": 0,
                "io_share_count": 1000,
                "io_share_level": "normal",
                "keep_on_remove": false,
                "key": 2002,
                "label": "sdc",
                "name": "",
                "path": "ESX4/ESX4_2.vmdk",
                "size": 8,
                "storage_policy_id": "",
                "thin_provisioned": true,
                "unit_number": 2,
                "uuid": "6000C29d-8892-ded1-2b63-09c8f39eb5ff",
                "write_through": false
              }
            ],
            "efi_secure_boot_enabled": false,
            "enable_disk_uuid": false,
            "enable_logging": false,
            "ept_rvi_mode": "automatic",
            "extra_config": null,
            "firmware": "bios",
            "folder": "nested-esxi",
            "force_power_off": true,
            "guest_id": "vmkernel65Guest",
            "guest_ip_addresses": [
              "192.168.79.190",
              "fe80::250:56ff:fe9b:8d06"
            ],
            "hardware_version": 14,
            "host_system_id": "host-18",
            "hv_mode": "hvAuto",
            "id": "421ba397-f670-9c07-6e0c-acf010862bc9",
            "ignored_guest_ips": null,
            "imported": null,
            "latency_sensitivity": "normal",
            "memory": 6144,
            "memory_hot_add_enabled": false,
            "memory_limit": -1,
            "memory_reservation": 0,
            "memory_share_count": 61440,
            "memory_share_level": "normal",
            "migrate_wait_timeout": 30,
            "moid": "vm-5718",
            "name": "ESX4",
            "nested_hv_enabled": false,
            "network_interface": [
              {
                "adapter_type": "vmxnet3",
                "bandwidth_limit": -1,
                "bandwidth_reservation": 0,
                "bandwidth_share_count": 50,
                "bandwidth_share_level": "normal",
                "device_address": "pci:0:7",
                "key": 4000,
                "mac_address": "00:50:56:9b:8d:06",
                "network_id": "dvportgroup-4925",
                "ovf_mapping": "",
                "use_static_mac": false
              },
              {
                "adapter_type": "vmxnet3",
                "bandwidth_limit": -1,
                "bandwidth_reservation": 0,
                "bandwidth_share_count": 50,
                "bandwidth_share_level": "normal",
                "device_address": "pci:0:8",
                "key": 4001,
                "mac_address": "00:50:56:9b:5e:3a",
                "network_id": "dvportgroup-4925",
                "ovf_mapping": "",
                "use_static_mac": false
              }
            ],
            "num_cores_per_socket": 1,
            "num_cpus": 2,
            "poweron_timeout": 300,
            "reboot_required": false,
            "resource_pool_id": "resgroup-4924",
            "run_tools_scripts_after_power_on": true,
            "run_tools_scripts_after_resume": true,
            "run_tools_scripts_before_guest_reboot": false,
            "run_tools_scripts_before_guest_shutdown": true,
            "run_tools_scripts_before_guest_standby": true,
            "scsi_bus_sharing": "noSharing",
            "scsi_controller_count": 1,
            "scsi_type": "pvscsi",
            "shutdown_wait_timeout": 3,
            "storage_policy_id": "",
            "swap_placement_policy": "inherit",
            "sync_time_with_host": false,
            "tags": null,
            "uuid": "421ba397-f670-9c07-6e0c-acf010862bc9",
            "vapp": [
              {
                "properties": {
                  "guestinfo.dns": "192.168.64.60",
                  "guestinfo.domain": "vballin.com",
                  "guestinfo.gateway": "192.168.79.1",
                  "guestinfo.hostname": "esx4.vballin.com",
                  "guestinfo.ipaddress": "192.168.79.190",
                  "guestinfo.netmask": "255.255.255.0",
                  "guestinfo.syslog": "192.168.64.105",
                  "guestinfo.vlan": "79"
                }
              }
            ],
            "vapp_transport": [
              "com.vmware.guestInfo"
            ],
            "vmware_tools_status": "guestToolsRunning",
            "vmx_path": "ESX4/ESX4.vmx",
            "wait_for_guest_ip_timeout": 0,
            "wait_for_guest_net_routable": false,
            "wait_for_guest_net_timeout": 5
          },
          "private": "eyJzY2hlbWFfdmVyc2lvbiI6IjMifQ==",
          "dependencies": [
            "vsphere_folder.folder"
          ]
        }
      ]
    }
  ]
}
